
Microsoft Visual Studio Solution File, Format Version 12.00
# Visual Studio Version 17
VisualStudioVersion = 17.8.34511.84
MinimumVisualStudioVersion = 10.0.40219.1
Project("{9A19103F-16F7-4668-BE54-9A1E7A4F7556}") = "ProductsManager", "ProductsManager\ProductsManager.csproj", "{79697B8E-5D95-4DA2-89DC-D45134D6E722}"
EndProject
Project("{FAE04EC0-301F-11D3-BF4B-00C04F79EFBC}") = "TestProductCRUD", "TestProductCRUD\TestProductCRUD.csproj", "{9959E36E-40BF-40B8-A9E2-C9E8B1E32319}"
EndProject
Global
	GlobalSection(SolutionConfigurationPlatforms) = preSolution
		Debug|Any CPU = Debug|Any CPU
		Release|Any CPU = Release|Any CPU
	EndGlobalSection
	GlobalSection(ProjectConfigurationPlatforms) = postSolution
		{79697B8E-5D95-4DA2-89DC-D45134D6E722}.Debug|Any CPU.ActiveCfg = Debug|Any CPU
		{79697B8E-5D95-4DA2-89DC-D45134D6E722}.Debug|Any CPU.Build.0 = Debug|Any CPU
		{79697B8E-5D95-4DA2-89DC-D45134D6E722}.Release|Any CPU.ActiveCfg = Release|Any CPU
		{79697B8E-5D95-4DA2-89DC-D45134D6E722}.Release|Any CPU.Build.0 = Release|Any CPU
		{9959E36E-40BF-40B8-A9E2-C9E8B1E32319}.Debug|Any CPU.ActiveCfg = Debug|Any CPU
		{9959E36E-40BF-40B8-A9E2-C9E8B1E32319}.Debug|Any CPU.Build.0 = Debug|Any CPU
		{9959E36E-40BF-40B8-A9E2-C9E8B1E32319}.Release|Any CPU.ActiveCfg = Release|Any CPU
		{9959E36E-40BF-40B8-A9E2-C9E8B1E32319}.Release|Any CPU.Build.0 = Release|Any CPU
	EndGlobalSection
	GlobalSection(SolutionProperties) = preSolution
		HideSolutionNode = FALSE
	EndGlobalSection
	GlobalSection(ExtensibilityGlobals) = postSolution
		SolutionGuid = {27D3092B-C264-413B-B10B-ED6F8920535B}
	EndGlobalSection
EndGlobal
